
Microsoft Visual Studio Solution File, Format Version 12.00
# Visual Studio 15
VisualStudioVersion = 15.0.26730.16
MinimumVisualStudioVersion = 10.0.40219.1
Project("{FAE04EC0-301F-11D3-BF4B-00C04F79EFBC}") = "VideoGameDBServices", "VideoGameDBServices\VideoGameDBServices.csproj", "{08BEE9EF-30D8-4E61-8487-94B532F9E8D1}"
EndProject
Global
	GlobalSection(SolutionConfigurationPlatforms) = preSolution
		Debug|Any CPU = Debug|Any CPU
		Release|Any CPU = Release|Any CPU
	EndGlobalSection
	GlobalSection(ProjectConfigurationPlatforms) = postSolution
		{08BEE9EF-30D8-4E61-8487-94B532F9E8D1}.Debug|Any CPU.ActiveCfg = Debug|Any CPU
		{08BEE9EF-30D8-4E61-8487-94B532F9E8D1}.Debug|Any CPU.Build.0 = Debug|Any CPU
		{08BEE9EF-30D8-4E61-8487-94B532F9E8D1}.Release|Any CPU.ActiveCfg = Release|Any CPU
		{08BEE9EF-30D8-4E61-8487-94B532F9E8D1}.Release|Any CPU.Build.0 = Release|Any CPU
	EndGlobalSection
	GlobalSection(SolutionProperties) = preSolution
		HideSolutionNode = FALSE
	EndGlobalSection
	GlobalSection(ExtensibilityGlobals) = postSolution
		SolutionGuid = {83995AA2-A134-4B7D-AD29-E3B27C6D772D}
	EndGlobalSection
EndGlobal
